
Microsoft Visual Studio Solution File, Format Version 12.00
# Visual Studio Version 17
VisualStudioVersion = 17.13.35931.197 d17.13
MinimumVisualStudioVersion = 10.0.40219.1
Project("{8BC9CEB8-8B4A-11D0-8D11-00A0C91BC942}") = "計算機程式設計final project", "計算機程式設計final project.vcxproj", "{999C4AAF-2965-40D4-A68D-056CB2601B88}"
EndProject
Global
	GlobalSection(SolutionConfigurationPlatforms) = preSolution
		Debug|x64 = Debug|x64
		Debug|x86 = Debug|x86
		Release|x64 = Release|x64
		Release|x86 = Release|x86
	EndGlobalSection
	GlobalSection(ProjectConfigurationPlatforms) = postSolution
		{999C4AAF-2965-40D4-A68D-056CB2601B88}.Debug|x64.ActiveCfg = Debug|x64
		{999C4AAF-2965-40D4-A68D-056CB2601B88}.Debug|x64.Build.0 = Debug|x64
		{999C4AAF-2965-40D4-A68D-056CB2601B88}.Debug|x86.ActiveCfg = Debug|Win32
		{999C4AAF-2965-40D4-A68D-056CB2601B88}.Debug|x86.Build.0 = Debug|Win32
		{999C4AAF-2965-40D4-A68D-056CB2601B88}.Release|x64.ActiveCfg = Release|x64
		{999C4AAF-2965-40D4-A68D-056CB2601B88}.Release|x64.Build.0 = Release|x64
		{999C4AAF-2965-40D4-A68D-056CB2601B88}.Release|x86.ActiveCfg = Release|Win32
		{999C4AAF-2965-40D4-A68D-056CB2601B88}.Release|x86.Build.0 = Release|Win32
	EndGlobalSection
	GlobalSection(SolutionProperties) = preSolution
		HideSolutionNode = FALSE
	EndGlobalSection
	GlobalSection(ExtensibilityGlobals) = postSolution
		SolutionGuid = {C3E61FC7-C671-4CB8-8027-6B9271F56F08}
	EndGlobalSection
EndGlobal
